# This file is automatically @generated by Poetry and should not be changed by hand.

[[package]]
name = "prompt"
version = "0.4.1"
description = "Library for prompting input on the command line."
category = "main"
optional = false
python-versions = ">=3.3"
files = [
    {file = "prompt-0.4.1-py3-none-any.whl", hash = "sha256:98527de8dc3f0aa29669a39fbffeaf578ba6654dc836f737b6a5c6f9279002b7"},
    {file = "prompt-0.4.1.tar.gz", hash = "sha256:8a7694b88f8c65188a983315e72582bf42fcc251b97042be1d2a2ad1aa0ebe0e"},
]

[metadata]
lock-version = "2.0"
python-versions = "^3.10"
content-hash = "3b0a679749636305b2b6fb30a6fc96eb149cfe08149a75b56f2d19ac71f48c70"
